// !$*UTF8*$!
{
	archiveVersion = 1;
	classes = {
	};
	objectVersion = 56;
	objects = {

/* Begin PBXBuildFile section */
		423C755F2B257BBF0013EC04 /* WoodsApp.swift in Sources */ = {isa = PBXBuildFile; fileRef = 423C755E2B257BBF0013EC04 /* WoodsApp.swift */; };
		423C75632B257BC00013EC04 /* Assets.xcassets in Resources */ = {isa = PBXBuildFile; fileRef = 423C75622B257BC00013EC04 /* Assets.xcassets */; };
		423C75662B257BC00013EC04 /* Preview Assets.xcassets in Resources */ = {isa = PBXBuildFile; fileRef = 423C75652B257BC00013EC04 /* Preview Assets.xcassets */; };
		423C756E2B258FCB0013EC04 /* PersistentStore.swift in Sources */ = {isa = PBXBuildFile; fileRef = 423C756D2B258FCB0013EC04 /* PersistentStore.swift */; };
		423C75712B258FE90013EC04 /* Enties.xcdatamodeld in Sources */ = {isa = PBXBuildFile; fileRef = 423C756F2B258FE90013EC04 /* Enties.xcdatamodeld */; };
		423C75752B2590570013EC04 /* TreeVM.swift in Sources */ = {isa = PBXBuildFile; fileRef = 423C75742B2590570013EC04 /* TreeVM.swift */; };
		423C75782B25908D0013EC04 /* TreeAddVM.swift in Sources */ = {isa = PBXBuildFile; fileRef = 423C75772B25908D0013EC04 /* TreeAddVM.swift */; };
		423C757E2B2590F50013EC04 /* TreeView.swift in Sources */ = {isa = PBXBuildFile; fileRef = 423C757D2B2590F50013EC04 /* TreeView.swift */; };
		423C75802B2591020013EC04 /* TreeAddView.swift in Sources */ = {isa = PBXBuildFile; fileRef = 423C757F2B2591020013EC04 /* TreeAddView.swift */; };
		423C75822B2591110013EC04 /* TreeListView.swift in Sources */ = {isa = PBXBuildFile; fileRef = 423C75812B2591110013EC04 /* TreeListView.swift */; };
		423C75842B2595FA0013EC04 /* TreesVM.swift in Sources */ = {isa = PBXBuildFile; fileRef = 423C75832B2595FA0013EC04 /* TreesVM.swift */; };
		4267C3632B26BCD800B7DFB2 /* NavigatorView.swift in Sources */ = {isa = PBXBuildFile; fileRef = 4267C3622B26BCD800B7DFB2 /* NavigatorView.swift */; };
		4267C3662B26BCF400B7DFB2 /* Tab.swift in Sources */ = {isa = PBXBuildFile; fileRef = 4267C3652B26BCF400B7DFB2 /* Tab.swift */; };
		4267C3682B26C56900B7DFB2 /* TreeDetailView.swift in Sources */ = {isa = PBXBuildFile; fileRef = 4267C3672B26C56900B7DFB2 /* TreeDetailView.swift */; };
/* End PBXBuildFile section */

/* Begin PBXFileReference section */
		423C755B2B257BBF0013EC04 /* Woods.app */ = {isa = PBXFileReference; explicitFileType = wrapper.application; includeInIndex = 0; path = Woods.app; sourceTree = BUILT_PRODUCTS_DIR; };
		423C755E2B257BBF0013EC04 /* WoodsApp.swift */ = {isa = PBXFileReference; lastKnownFileType = sourcecode.swift; path = WoodsApp.swift; sourceTree = "<group>"; };
		423C75622B257BC00013EC04 /* Assets.xcassets */ = {isa = PBXFileReference; lastKnownFileType = folder.assetcatalog; path = Assets.xcassets; sourceTree = "<group>"; };
		423C75652B257BC00013EC04 /* Preview Assets.xcassets */ = {isa = PBXFileReference; lastKnownFileType = folder.assetcatalog; path = "Preview Assets.xcassets"; sourceTree = "<group>"; };
		423C756D2B258FCB0013EC04 /* PersistentStore.swift */ = {isa = PBXFileReference; lastKnownFileType = sourcecode.swift; path = PersistentStore.swift; sourceTree = "<group>"; };
		423C75702B258FE90013EC04 /* Enties.xcdatamodel */ = {isa = PBXFileReference; lastKnownFileType = wrapper.xcdatamodel; path = Enties.xcdatamodel; sourceTree = "<group>"; };
		423C75742B2590570013EC04 /* TreeVM.swift */ = {isa = PBXFileReference; lastKnownFileType = sourcecode.swift; path = TreeVM.swift; sourceTree = "<group>"; };
		423C75772B25908D0013EC04 /* TreeAddVM.swift */ = {isa = PBXFileReference; lastKnownFileType = sourcecode.swift; path = TreeAddVM.swift; sourceTree = "<group>"; };
		423C757D2B2590F50013EC04 /* TreeView.swift */ = {isa = PBXFileReference; lastKnownFileType = sourcecode.swift; path = TreeView.swift; sourceTree = "<group>"; };
		423C757F2B2591020013EC04 /* TreeAddView.swift */ = {isa = PBXFileReference; lastKnownFileType = sourcecode.swift; path = TreeAddView.swift; sourceTree = "<group>"; };
		423C75812B2591110013EC04 /* TreeListView.swift */ = {isa = PBXFileReference; lastKnownFileType = sourcecode.swift; path = TreeListView.swift; sourceTree = "<group>"; };
		423C75832B2595FA0013EC04 /* TreesVM.swift */ = {isa = PBXFileReference; lastKnownFileType = sourcecode.swift; path = TreesVM.swift; sourceTree = "<group>"; };
		4267C3622B26BCD800B7DFB2 /* NavigatorView.swift */ = {isa = PBXFileReference; lastKnownFileType = sourcecode.swift; path = NavigatorView.swift; sourceTree = "<group>"; };
		4267C3652B26BCF400B7DFB2 /* Tab.swift */ = {isa = PBXFileReference; lastKnownFileType = sourcecode.swift; path = Tab.swift; sourceTree = "<group>"; };
		4267C3672B26C56900B7DFB2 /* TreeDetailView.swift */ = {isa = PBXFileReference; lastKnownFileType = sourcecode.swift; path = TreeDetailView.swift; sourceTree = "<group>"; };
/* End PBXFileReference section */

/* Begin PBXFrameworksBuildPhase section */
		423C75582B257BBF0013EC04 /* Frameworks */ = {
			isa = PBXFrameworksBuildPhase;
			buildActionMask = 2147483647;
			files = (
			);
			runOnlyForDeploymentPostprocessing = 0;
		};
/* End PBXFrameworksBuildPhase section */

/* Begin PBXGroup section */
		423C75522B257BBF0013EC04 = {
			isa = PBXGroup;
			children = (
				423C755D2B257BBF0013EC04 /* Woods */,
				423C755C2B257BBF0013EC04 /* Products */,
			);
			sourceTree = "<group>";
		};
		423C755C2B257BBF0013EC04 /* Products */ = {
			isa = PBXGroup;
			children = (
				423C755B2B257BBF0013EC04 /* Woods.app */,
			);
			name = Products;
			sourceTree = "<group>";
		};
		423C755D2B257BBF0013EC04 /* Woods */ = {
			isa = PBXGroup;
			children = (
				4267C3612B26BCC700B7DFB2 /* Navigation */,
				423C75792B2590B70013EC04 /* View */,
				423C75722B2590230013EC04 /* ViewModel */,
				423C756C2B258FB60013EC04 /* CoreData */,
				423C755E2B257BBF0013EC04 /* WoodsApp.swift */,
				423C75622B257BC00013EC04 /* Assets.xcassets */,
				423C75642B257BC00013EC04 /* Preview Content */,
			);
			path = Woods;
			sourceTree = "<group>";
		};
		423C75642B257BC00013EC04 /* Preview Content */ = {
			isa = PBXGroup;
			children = (
				423C75652B257BC00013EC04 /* Preview Assets.xcassets */,
			);
			path = "Preview Content";
			sourceTree = "<group>";
		};
		423C756C2B258FB60013EC04 /* CoreData */ = {
			isa = PBXGroup;
			children = (
				423C756D2B258FCB0013EC04 /* PersistentStore.swift */,
				423C756F2B258FE90013EC04 /* Enties.xcdatamodeld */,
			);
			path = CoreData;
			sourceTree = "<group>";
		};
		423C75722B2590230013EC04 /* ViewModel */ = {
			isa = PBXGroup;
			children = (
				423C75732B2590380013EC04 /* Tree */,
			);
			path = ViewModel;
			sourceTree = "<group>";
		};
		423C75732B2590380013EC04 /* Tree */ = {
			isa = PBXGroup;
			children = (
				423C75742B2590570013EC04 /* TreeVM.swift */,
				423C75832B2595FA0013EC04 /* TreesVM.swift */,
				423C75772B25908D0013EC04 /* TreeAddVM.swift */,
				423C75762B25906B0013EC04 /* Details */,
			);
			path = Tree;
			sourceTree = "<group>";
		};
		423C75762B25906B0013EC04 /* Details */ = {
			isa = PBXGroup;
			children = (
			);
			path = Details;
			sourceTree = "<group>";
		};
		423C75792B2590B70013EC04 /* View */ = {
			isa = PBXGroup;
			children = (
				423C757A2B2590C00013EC04 /* Tree */,
			);
			path = View;
			sourceTree = "<group>";
		};
		423C757A2B2590C00013EC04 /* Tree */ = {
			isa = PBXGroup;
			children = (
				423C757D2B2590F50013EC04 /* TreeView.swift */,
				423C757F2B2591020013EC04 /* TreeAddView.swift */,
				423C757C2B2590DE0013EC04 /* Detail */,
				423C757B2B2590D80013EC04 /* List */,
			);
			path = Tree;
			sourceTree = "<group>";
		};
		423C757B2B2590D80013EC04 /* List */ = {
			isa = PBXGroup;
			children = (
				423C75812B2591110013EC04 /* TreeListView.swift */,
			);
			path = List;
			sourceTree = "<group>";
		};
		423C757C2B2590DE0013EC04 /* Detail */ = {
			isa = PBXGroup;
			children = (
				4267C3672B26C56900B7DFB2 /* TreeDetailView.swift */,
			);
			path = Detail;
			sourceTree = "<group>";
		};
		4267C3612B26BCC700B7DFB2 /* Navigation */ = {
			isa = PBXGroup;
			children = (
				4267C3622B26BCD800B7DFB2 /* NavigatorView.swift */,
				4267C3642B26BCE200B7DFB2 /* TabEnum */,
			);
			path = Navigation;
			sourceTree = "<group>";
		};
		4267C3642B26BCE200B7DFB2 /* TabEnum */ = {
			isa = PBXGroup;
			children = (
				4267C3652B26BCF400B7DFB2 /* Tab.swift */,
			);
			path = TabEnum;
			sourceTree = "<group>";
		};
/* End PBXGroup section */

/* Begin PBXNativeTarget section */
		423C755A2B257BBF0013EC04 /* Woods */ = {
			isa = PBXNativeTarget;
			buildConfigurationList = 423C75692B257BC00013EC04 /* Build configuration list for PBXNativeTarget "Woods" */;
			buildPhases = (
				423C75572B257BBF0013EC04 /* Sources */,
				423C75582B257BBF0013EC04 /* Frameworks */,
				423C75592B257BBF0013EC04 /* Resources */,
			);
			buildRules = (
			);
			dependencies = (
			);
			name = Woods;
			productName = Woods;
			productReference = 423C755B2B257BBF0013EC04 /* Woods.app */;
			productType = "com.apple.product-type.application";
		};
/* End PBXNativeTarget section */

/* Begin PBXProject section */
		423C75532B257BBF0013EC04 /* Project object */ = {
			isa = PBXProject;
			attributes = {
				BuildIndependentTargetsInParallel = 1;
				LastSwiftUpdateCheck = 1500;
				LastUpgradeCheck = 1500;
				TargetAttributes = {
					423C755A2B257BBF0013EC04 = {
						CreatedOnToolsVersion = 15.0.1;
					};
				};
			};
			buildConfigurationList = 423C75562B257BBF0013EC04 /* Build configuration list for PBXProject "Woods" */;
			compatibilityVersion = "Xcode 14.0";
			developmentRegion = en;
			hasScannedForEncodings = 0;
			knownRegions = (
				en,
				Base,
			);
			mainGroup = 423C75522B257BBF0013EC04;
			productRefGroup = 423C755C2B257BBF0013EC04 /* Products */;
			projectDirPath = "";
			projectRoot = "";
			targets = (
				423C755A2B257BBF0013EC04 /* Woods */,
			);
		};
/* End PBXProject section */

/* Begin PBXResourcesBuildPhase section */
		423C75592B257BBF0013EC04 /* Resources */ = {
			isa = PBXResourcesBuildPhase;
			buildActionMask = 2147483647;
			files = (
				423C75662B257BC00013EC04 /* Preview Assets.xcassets in Resources */,
				423C75632B257BC00013EC04 /* Assets.xcassets in Resources */,
			);
			runOnlyForDeploymentPostprocessing = 0;
		};
/* End PBXResourcesBuildPhase section */

/* Begin PBXSourcesBuildPhase section */
		423C75572B257BBF0013EC04 /* Sources */ = {
			isa = PBXSourcesBuildPhase;
			buildActionMask = 2147483647;
			files = (
				4267C3632B26BCD800B7DFB2 /* NavigatorView.swift in Sources */,
				423C75782B25908D0013EC04 /* TreeAddVM.swift in Sources */,
				423C755F2B257BBF0013EC04 /* WoodsApp.swift in Sources */,
				423C75752B2590570013EC04 /* TreeVM.swift in Sources */,
				423C75822B2591110013EC04 /* TreeListView.swift in Sources */,
				4267C3662B26BCF400B7DFB2 /* Tab.swift in Sources */,
				423C756E2B258FCB0013EC04 /* PersistentStore.swift in Sources */,
				423C75802B2591020013EC04 /* TreeAddView.swift in Sources */,
				423C757E2B2590F50013EC04 /* TreeView.swift in Sources */,
				4267C3682B26C56900B7DFB2 /* TreeDetailView.swift in Sources */,
				423C75842B2595FA0013EC04 /* TreesVM.swift in Sources */,
				423C75712B258FE90013EC04 /* Enties.xcdatamodeld in Sources */,
			);
			runOnlyForDeploymentPostprocessing = 0;
		};
/* End PBXSourcesBuildPhase section */

/* Begin XCBuildConfiguration section */
		423C75672B257BC00013EC04 /* Debug */ = {
			isa = XCBuildConfiguration;
			buildSettings = {
				ALWAYS_SEARCH_USER_PATHS = NO;
				ASSETCATALOG_COMPILER_GENERATE_SWIFT_ASSET_SYMBOL_EXTENSIONS = YES;
				CLANG_ANALYZER_NONNULL = YES;
				CLANG_ANALYZER_NUMBER_OBJECT_CONVERSION = YES_AGGRESSIVE;
				CLANG_CXX_LANGUAGE_STANDARD = "gnu++20";
				CLANG_ENABLE_MODULES = YES;
				CLANG_ENABLE_OBJC_ARC = YES;
				CLANG_ENABLE_OBJC_WEAK = YES;
				CLANG_WARN_BLOCK_CAPTURE_AUTORELEASING = YES;
				CLANG_WARN_BOOL_CONVERSION = YES;
				CLANG_WARN_COMMA = YES;
				CLANG_WARN_CONSTANT_CONVERSION = YES;
				CLANG_WARN_DEPRECATED_OBJC_IMPLEMENTATIONS = YES;
				CLANG_WARN_DIRECT_OBJC_ISA_USAGE = YES_ERROR;
				CLANG_WARN_DOCUMENTATION_COMMENTS = YES;
				CLANG_WARN_EMPTY_BODY = YES;
				CLANG_WARN_ENUM_CONVERSION = YES;
				CLANG_WARN_INFINITE_RECURSION = YES;
				CLANG_WARN_INT_CONVERSION = YES;
				CLANG_WARN_NON_LITERAL_NULL_CONVERSION = YES;
				CLANG_WARN_OBJC_IMPLICIT_RETAIN_SELF = YES;
				CLANG_WARN_OBJC_LITERAL_CONVERSION = YES;
				CLANG_WARN_OBJC_ROOT_CLASS = YES_ERROR;
				CLANG_WARN_QUOTED_INCLUDE_IN_FRAMEWORK_HEADER = YES;
				CLANG_WARN_RANGE_LOOP_ANALYSIS = YES;
				CLANG_WARN_STRICT_PROTOTYPES = YES;
				CLANG_WARN_SUSPICIOUS_MOVE = YES;
				CLANG_WARN_UNGUARDED_AVAILABILITY = YES_AGGRESSIVE;
				CLANG_WARN_UNREACHABLE_CODE = YES;
				CLANG_WARN__DUPLICATE_METHOD_MATCH = YES;
				COPY_PHASE_STRIP = NO;
				DEBUG_INFORMATION_FORMAT = dwarf;
				ENABLE_STRICT_OBJC_MSGSEND = YES;
				ENABLE_TESTABILITY = YES;
				ENABLE_USER_SCRIPT_SANDBOXING = YES;
				GCC_C_LANGUAGE_STANDARD = gnu17;
				GCC_DYNAMIC_NO_PIC = NO;
				GCC_NO_COMMON_BLOCKS = YES;
				GCC_OPTIMIZATION_LEVEL = 0;
				GCC_PREPROCESSOR_DEFINITIONS = (
					"DEBUG=1",
					"$(inherited)",
				);
				GCC_WARN_64_TO_32_BIT_CONVERSION = YES;
				GCC_WARN_ABOUT_RETURN_TYPE = YES_ERROR;
				GCC_WARN_UNDECLARED_SELECTOR = YES;
				GCC_WARN_UNINITIALIZED_AUTOS = YES_AGGRESSIVE;
				GCC_WARN_UNUSED_FUNCTION = YES;
				GCC_WARN_UNUSED_VARIABLE = YES;
				IPHONEOS_DEPLOYMENT_TARGET = 17.0;
				LOCALIZATION_PREFERS_STRING_CATALOGS = YES;
				MTL_ENABLE_DEBUG_INFO = INCLUDE_SOURCE;
				MTL_FAST_MATH = YES;
				ONLY_ACTIVE_ARCH = YES;
				SDKROOT = iphoneos;
				SWIFT_ACTIVE_COMPILATION_CONDITIONS = "DEBUG $(inherited)";
				SWIFT_OPTIMIZATION_LEVEL = "-Onone";
			};
			name = Debug;
		};
		423C75682B257BC00013EC04 /* Release */ = {
			isa = XCBuildConfiguration;
			buildSettings = {
				ALWAYS_SEARCH_USER_PATHS = NO;
				ASSETCATALOG_COMPILER_GENERATE_SWIFT_ASSET_SYMBOL_EXTENSIONS = YES;
				CLANG_ANALYZER_NONNULL = YES;
				CLANG_ANALYZER_NUMBER_OBJECT_CONVERSION = YES_AGGRESSIVE;
				CLANG_CXX_LANGUAGE_STANDARD = "gnu++20";
				CLANG_ENABLE_MODULES = YES;
				CLANG_ENABLE_OBJC_ARC = YES;
				CLANG_ENABLE_OBJC_WEAK = YES;
				CLANG_WARN_BLOCK_CAPTURE_AUTORELEASING = YES;
				CLANG_WARN_BOOL_CONVERSION = YES;
				CLANG_WARN_COMMA = YES;
				CLANG_WARN_CONSTANT_CONVERSION = YES;
				CLANG_WARN_DEPRECATED_OBJC_IMPLEMENTATIONS = YES;
				CLANG_WARN_DIRECT_OBJC_ISA_USAGE = YES_ERROR;
				CLANG_WARN_DOCUMENTATION_COMMENTS = YES;
				CLANG_WARN_EMPTY_BODY = YES;
				CLANG_WARN_ENUM_CONVERSION = YES;
				CLANG_WARN_INFINITE_RECURSION = YES;
				CLANG_WARN_INT_CONVERSION = YES;
				CLANG_WARN_NON_LITERAL_NULL_CONVERSION = YES;
				CLANG_WARN_OBJC_IMPLICIT_RETAIN_SELF = YES;
				CLANG_WARN_OBJC_LITERAL_CONVERSION = YES;
				CLANG_WARN_OBJC_ROOT_CLASS = YES_ERROR;
				CLANG_WARN_QUOTED_INCLUDE_IN_FRAMEWORK_HEADER = YES;
				CLANG_WARN_RANGE_LOOP_ANALYSIS = YES;
				CLANG_WARN_STRICT_PROTOTYPES = YES;
				CLANG_WARN_SUSPICIOUS_MOVE = YES;
				CLANG_WARN_UNGUARDED_AVAILABILITY = YES_AGGRESSIVE;
				CLANG_WARN_UNREACHABLE_CODE = YES;
				CLANG_WARN__DUPLICATE_METHOD_MATCH = YES;
				COPY_PHASE_STRIP = NO;
				DEBUG_INFORMATION_FORMAT = "dwarf-with-dsym";
				ENABLE_NS_ASSERTIONS = NO;
				ENABLE_STRICT_OBJC_MSGSEND = YES;
				ENABLE_USER_SCRIPT_SANDBOXING = YES;
				GCC_C_LANGUAGE_STANDARD = gnu17;
				GCC_NO_COMMON_BLOCKS = YES;
				GCC_WARN_64_TO_32_BIT_CONVERSION = YES;
				GCC_WARN_ABOUT_RETURN_TYPE = YES_ERROR;
				GCC_WARN_UNDECLARED_SELECTOR = YES;
				GCC_WARN_UNINITIALIZED_AUTOS = YES_AGGRESSIVE;
				GCC_WARN_UNUSED_FUNCTION = YES;
				GCC_WARN_UNUSED_VARIABLE = YES;
				IPHONEOS_DEPLOYMENT_TARGET = 17.0;
				LOCALIZATION_PREFERS_STRING_CATALOGS = YES;
				MTL_ENABLE_DEBUG_INFO = NO;
				MTL_FAST_MATH = YES;
				SDKROOT = iphoneos;
				SWIFT_COMPILATION_MODE = wholemodule;
				VALIDATE_PRODUCT = YES;
			};
			name = Release;
		};
		423C756A2B257BC00013EC04 /* Debug */ = {
			isa = XCBuildConfiguration;
			buildSettings = {
				ASSETCATALOG_COMPILER_APPICON_NAME = AppIcon;
				ASSETCATALOG_COMPILER_GLOBAL_ACCENT_COLOR_NAME = AccentColor;
				CODE_SIGN_STYLE = Automatic;
				CURRENT_PROJECT_VERSION = 1;
				DEVELOPMENT_ASSET_PATHS = "\"Woods/Preview Content\"";
				DEVELOPMENT_TEAM = L64WWAHQK6;
				ENABLE_PREVIEWS = YES;
				GENERATE_INFOPLIST_FILE = YES;
				INFOPLIST_KEY_UIApplicationSceneManifest_Generation = YES;
				INFOPLIST_KEY_UIApplicationSupportsIndirectInputEvents = YES;
				INFOPLIST_KEY_UILaunchScreen_Generation = YES;
				INFOPLIST_KEY_UISupportedInterfaceOrientations_iPad = "UIInterfaceOrientationPortrait UIInterfaceOrientationPortraitUpsideDown UIInterfaceOrientationLandscapeLeft UIInterfaceOrientationLandscapeRight";
				INFOPLIST_KEY_UISupportedInterfaceOrientations_iPhone = "UIInterfaceOrientationPortrait UIInterfaceOrientationLandscapeLeft UIInterfaceOrientationLandscapeRight";
				LD_RUNPATH_SEARCH_PATHS = (
					"$(inherited)",
					"@executable_path/Frameworks",
				);
				MARKETING_VERSION = 1.0;
				PRODUCT_BUNDLE_IDENTIFIER = com.JWA.Woods;
				PRODUCT_NAME = "$(TARGET_NAME)";
				SWIFT_EMIT_LOC_STRINGS = YES;
				SWIFT_VERSION = 5.0;
				TARGETED_DEVICE_FAMILY = "1,2";
			};
			name = Debug;
		};
		423C756B2B257BC00013EC04 /* Release */ = {
			isa = XCBuildConfiguration;
			buildSettings = {
				ASSETCATALOG_COMPILER_APPICON_NAME = AppIcon;
				ASSETCATALOG_COMPILER_GLOBAL_ACCENT_COLOR_NAME = AccentColor;
				CODE_SIGN_STYLE = Automatic;
				CURRENT_PROJECT_VERSION = 1;
				DEVELOPMENT_ASSET_PATHS = "\"Woods/Preview Content\"";
				DEVELOPMENT_TEAM = L64WWAHQK6;
				ENABLE_PREVIEWS = YES;
				GENERATE_INFOPLIST_FILE = YES;
				INFOPLIST_KEY_UIApplicationSceneManifest_Generation = YES;
				INFOPLIST_KEY_UIApplicationSupportsIndirectInputEvents = YES;
				INFOPLIST_KEY_UILaunchScreen_Generation = YES;
				INFOPLIST_KEY_UISupportedInterfaceOrientations_iPad = "UIInterfaceOrientationPortrait UIInterfaceOrientationPortraitUpsideDown UIInterfaceOrientationLandscapeLeft UIInterfaceOrientationLandscapeRight";
				INFOPLIST_KEY_UISupportedInterfaceOrientations_iPhone = "UIInterfaceOrientationPortrait UIInterfaceOrientationLandscapeLeft UIInterfaceOrientationLandscapeRight";
				LD_RUNPATH_SEARCH_PATHS = (
					"$(inherited)",
					"@executable_path/Frameworks",
				);
				MARKETING_VERSION = 1.0;
				PRODUCT_BUNDLE_IDENTIFIER = com.JWA.Woods;
				PRODUCT_NAME = "$(TARGET_NAME)";
				SWIFT_EMIT_LOC_STRINGS = YES;
				SWIFT_VERSION = 5.0;
				TARGETED_DEVICE_FAMILY = "1,2";
			};
			name = Release;
		};
/* End XCBuildConfiguration section */

/* Begin XCConfigurationList section */
		423C75562B257BBF0013EC04 /* Build configuration list for PBXProject "Woods" */ = {
			isa = XCConfigurationList;
			buildConfigurations = (
				423C75672B257BC00013EC04 /* Debug */,
				423C75682B257BC00013EC04 /* Release */,
			);
			defaultConfigurationIsVisible = 0;
			defaultConfigurationName = Release;
		};
		423C75692B257BC00013EC04 /* Build configuration list for PBXNativeTarget "Woods" */ = {
			isa = XCConfigurationList;
			buildConfigurations = (
				423C756A2B257BC00013EC04 /* Debug */,
				423C756B2B257BC00013EC04 /* Release */,
			);
			defaultConfigurationIsVisible = 0;
			defaultConfigurationName = Release;
		};
/* End XCConfigurationList section */

/* Begin XCVersionGroup section */
		423C756F2B258FE90013EC04 /* Enties.xcdatamodeld */ = {
			isa = XCVersionGroup;
			children = (
				423C75702B258FE90013EC04 /* Enties.xcdatamodel */,
			);
			currentVersion = 423C75702B258FE90013EC04 /* Enties.xcdatamodel */;
			path = Enties.xcdatamodeld;
			sourceTree = "<group>";
			versionGroupType = wrapper.xcdatamodel;
		};
/* End XCVersionGroup section */
	};
	rootObject = 423C75532B257BBF0013EC04 /* Project object */;
}
